// !$*UTF8*$!
{
	archiveVersion = 1;
	classes = {
	};
	objectVersion = 46;
	objects = {

/* Begin PBXBuildFile section */
		1801D2F21C1D90A2007E4AA7 /* Foundation.framework in Frameworks */ = {isa = PBXBuildFile; fileRef = 1801D2F11C1D90A2007E4AA7 /* Foundation.framework */; };
		1801D2F41C1D90A2007E4AA7 /* CoreGraphics.framework in Frameworks */ = {isa = PBXBuildFile; fileRef = 1801D2F31C1D90A2007E4AA7 /* CoreGraphics.framework */; };
		1801D2F61C1D90A2007E4AA7 /* UIKit.framework in Frameworks */ = {isa = PBXBuildFile; fileRef = 1801D2F51C1D90A2007E4AA7 /* UIKit.framework */; };
		1801D2FC1C1D90A2007E4AA7 /* InfoPlist.strings in Resources */ = {isa = PBXBuildFile; fileRef = 1801D2FA1C1D90A2007E4AA7 /* InfoPlist.strings */; };
		1801D2FE1C1D90A2007E4AA7 /* main.m in Sources */ = {isa = PBXBuildFile; fileRef = 1801D2FD1C1D90A2007E4AA7 /* main.m */; };
		1801D3021C1D90A2007E4AA7 /* ZHAppDelegate.m in Sources */ = {isa = PBXBuildFile; fileRef = 1801D3011C1D90A2007E4AA7 /* ZHAppDelegate.m */; };
		1801D3041C1D90A2007E4AA7 /* Images.xcassets in Resources */ = {isa = PBXBuildFile; fileRef = 1801D3031C1D90A2007E4AA7 /* Images.xcassets */; };
		1801D30B1C1D90A3007E4AA7 /* XCTest.framework in Frameworks */ = {isa = PBXBuildFile; fileRef = 1801D30A1C1D90A3007E4AA7 /* XCTest.framework */; };
		1801D30C1C1D90A3007E4AA7 /* Foundation.framework in Frameworks */ = {isa = PBXBuildFile; fileRef = 1801D2F11C1D90A2007E4AA7 /* Foundation.framework */; };
		1801D30D1C1D90A3007E4AA7 /* UIKit.framework in Frameworks */ = {isa = PBXBuildFile; fileRef = 1801D2F51C1D90A2007E4AA7 /* UIKit.framework */; };
		1801D3151C1D90A3007E4AA7 /* InfoPlist.strings in Resources */ = {isa = PBXBuildFile; fileRef = 1801D3131C1D90A3007E4AA7 /* InfoPlist.strings */; };
		1801D3171C1D90A3007E4AA7 /* HierarchyTests.m in Sources */ = {isa = PBXBuildFile; fileRef = 1801D3161C1D90A3007E4AA7 /* HierarchyTests.m */; };
		1801D3231C1D90CE007E4AA7 /* ZHHierarchy.m in Sources */ = {isa = PBXBuildFile; fileRef = 1801D3221C1D90CE007E4AA7 /* ZHHierarchy.m */; };
		1801D3261C1D92BA007E4AA7 /* ZHHierarchy+ZHViewHierarchy.m in Sources */ = {isa = PBXBuildFile; fileRef = 1801D3251C1D92BA007E4AA7 /* ZHHierarchy+ZHViewHierarchy.m */; };
		1801D3291C1D9396007E4AA7 /* ZHViewController.m in Sources */ = {isa = PBXBuildFile; fileRef = 1801D3281C1D9396007E4AA7 /* ZHViewController.m */; };
/* End PBXBuildFile section */

/* Begin PBXContainerItemProxy section */
		1801D30E1C1D90A3007E4AA7 /* PBXContainerItemProxy */ = {
			isa = PBXContainerItemProxy;
			containerPortal = 1801D2E61C1D90A2007E4AA7 /* Project object */;
			proxyType = 1;
			remoteGlobalIDString = 1801D2ED1C1D90A2007E4AA7;
			remoteInfo = Hierarchy;
		};
/* End PBXContainerItemProxy section */

/* Begin PBXFileReference section */
		1801D2EE1C1D90A2007E4AA7 /* Hierarchy.app */ = {isa = PBXFileReference; explicitFileType = wrapper.application; includeInIndex = 0; path = Hierarchy.app; sourceTree = BUILT_PRODUCTS_DIR; };
		1801D2F11C1D90A2007E4AA7 /* Foundation.framework */ = {isa = PBXFileReference; lastKnownFileType = wrapper.framework; name = Foundation.framework; path = System/Library/Frameworks/Foundation.framework; sourceTree = SDKROOT; };
		1801D2F31C1D90A2007E4AA7 /* CoreGraphics.framework */ = {isa = PBXFileReference; lastKnownFileType = wrapper.framework; name = CoreGraphics.framework; path = System/Library/Frameworks/CoreGraphics.framework; sourceTree = SDKROOT; };
		1801D2F51C1D90A2007E4AA7 /* UIKit.framework */ = {isa = PBXFileReference; lastKnownFileType = wrapper.framework; name = UIKit.framework; path = System/Library/Frameworks/UIKit.framework; sourceTree = SDKROOT; };
		1801D2F91C1D90A2007E4AA7 /* Hierarchy-Info.plist */ = {isa = PBXFileReference; lastKnownFileType = text.plist.xml; path = "Hierarchy-Info.plist"; sourceTree = "<group>"; };
		1801D2FB1C1D90A2007E4AA7 /* en */ = {isa = PBXFileReference; lastKnownFileType = text.plist.strings; name = en; path = en.lproj/InfoPlist.strings; sourceTree = "<group>"; };
		1801D2FD1C1D90A2007E4AA7 /* main.m */ = {isa = PBXFileReference; lastKnownFileType = sourcecode.c.objc; path = main.m; sourceTree = "<group>"; };
		1801D2FF1C1D90A2007E4AA7 /* Hierarchy-Prefix.pch */ = {isa = PBXFileReference; lastKnownFileType = sourcecode.c.h; path = "Hierarchy-Prefix.pch"; sourceTree = "<group>"; };
		1801D3001C1D90A2007E4AA7 /* ZHAppDelegate.h */ = {isa = PBXFileReference; lastKnownFileType = sourcecode.c.h; path = ZHAppDelegate.h; sourceTree = "<group>"; };
		1801D3011C1D90A2007E4AA7 /* ZHAppDelegate.m */ = {isa = PBXFileReference; lastKnownFileType = sourcecode.c.objc; path = ZHAppDelegate.m; sourceTree = "<group>"; };
		1801D3031C1D90A2007E4AA7 /* Images.xcassets */ = {isa = PBXFileReference; lastKnownFileType = folder.assetcatalog; path = Images.xcassets; sourceTree = "<group>"; };
		1801D3091C1D90A3007E4AA7 /* HierarchyTests.xctest */ = {isa = PBXFileReference; explicitFileType = wrapper.cfbundle; includeInIndex = 0; path = HierarchyTests.xctest; sourceTree = BUILT_PRODUCTS_DIR; };
		1801D30A1C1D90A3007E4AA7 /* XCTest.framework */ = {isa = PBXFileReference; lastKnownFileType = wrapper.framework; name = XCTest.framework; path = Library/Frameworks/XCTest.framework; sourceTree = DEVELOPER_DIR; };
		1801D3121C1D90A3007E4AA7 /* HierarchyTests-Info.plist */ = {isa = PBXFileReference; lastKnownFileType = text.plist.xml; path = "HierarchyTests-Info.plist"; sourceTree = "<group>"; };
		1801D3141C1D90A3007E4AA7 /* en */ = {isa = PBXFileReference; lastKnownFileType = text.plist.strings; name = en; path = en.lproj/InfoPlist.strings; sourceTree = "<group>"; };
		1801D3161C1D90A3007E4AA7 /* HierarchyTests.m */ = {isa = PBXFileReference; lastKnownFileType = sourcecode.c.objc; path = HierarchyTests.m; sourceTree = "<group>"; };
		1801D3211C1D90CE007E4AA7 /* ZHHierarchy.h */ = {isa = PBXFileReference; fileEncoding = 4; lastKnownFileType = sourcecode.c.h; path = ZHHierarchy.h; sourceTree = "<group>"; };
		1801D3221C1D90CE007E4AA7 /* ZHHierarchy.m */ = {isa = PBXFileReference; fileEncoding = 4; lastKnownFileType = sourcecode.c.objc; path = ZHHierarchy.m; sourceTree = "<group>"; };
		1801D3241C1D92BA007E4AA7 /* ZHHierarchy+ZHViewHierarchy.h */ = {isa = PBXFileReference; fileEncoding = 4; lastKnownFileType = sourcecode.c.h; path = "ZHHierarchy+ZHViewHierarchy.h"; sourceTree = "<group>"; };
		1801D3251C1D92BA007E4AA7 /* ZHHierarchy+ZHViewHierarchy.m */ = {isa = PBXFileReference; fileEncoding = 4; lastKnownFileType = sourcecode.c.objc; path = "ZHHierarchy+ZHViewHierarchy.m"; sourceTree = "<group>"; };
		1801D3271C1D9396007E4AA7 /* ZHViewController.h */ = {isa = PBXFileReference; fileEncoding = 4; lastKnownFileType = sourcecode.c.h; path = ZHViewController.h; sourceTree = "<group>"; };
		1801D3281C1D9396007E4AA7 /* ZHViewController.m */ = {isa = PBXFileReference; fileEncoding = 4; lastKnownFileType = sourcecode.c.objc; path = ZHViewController.m; sourceTree = "<group>"; };
/* End PBXFileReference section */

/* Begin PBXFrameworksBuildPhase section */
		1801D2EB1C1D90A2007E4AA7 /* Frameworks */ = {
			isa = PBXFrameworksBuildPhase;
			buildActionMask = 2147483647;
			files = (
				1801D2F41C1D90A2007E4AA7 /* CoreGraphics.framework in Frameworks */,
				1801D2F61C1D90A2007E4AA7 /* UIKit.framework in Frameworks */,
				1801D2F21C1D90A2007E4AA7 /* Foundation.framework in Frameworks */,
			);
			runOnlyForDeploymentPostprocessing = 0;
		};
		1801D3061C1D90A3007E4AA7 /* Frameworks */ = {
			isa = PBXFrameworksBuildPhase;
			buildActionMask = 2147483647;
			files = (
				1801D30B1C1D90A3007E4AA7 /* XCTest.framework in Frameworks */,
				1801D30D1C1D90A3007E4AA7 /* UIKit.framework in Frameworks */,
				1801D30C1C1D90A3007E4AA7 /* Foundation.framework in Frameworks */,
			);
			runOnlyForDeploymentPostprocessing = 0;
		};
/* End PBXFrameworksBuildPhase section */

/* Begin PBXGroup section */
		1801D2E51C1D90A2007E4AA7 = {
			isa = PBXGroup;
			children = (
				1801D2F71C1D90A2007E4AA7 /* Hierarchy */,
				1801D3101C1D90A3007E4AA7 /* HierarchyTests */,
				1801D2F01C1D90A2007E4AA7 /* Frameworks */,
				1801D2EF1C1D90A2007E4AA7 /* Products */,
			);
			sourceTree = "<group>";
		};
		1801D2EF1C1D90A2007E4AA7 /* Products */ = {
			isa = PBXGroup;
			children = (
				1801D2EE1C1D90A2007E4AA7 /* Hierarchy.app */,
				1801D3091C1D90A3007E4AA7 /* HierarchyTests.xctest */,
			);
			name = Products;
			sourceTree = "<group>";
		};
		1801D2F01C1D90A2007E4AA7 /* Frameworks */ = {
			isa = PBXGroup;
			children = (
				1801D2F11C1D90A2007E4AA7 /* Foundation.framework */,
				1801D2F31C1D90A2007E4AA7 /* CoreGraphics.framework */,
				1801D2F51C1D90A2007E4AA7 /* UIKit.framework */,
				1801D30A1C1D90A3007E4AA7 /* XCTest.framework */,
			);
			name = Frameworks;
			sourceTree = "<group>";
		};
		1801D2F71C1D90A2007E4AA7 /* Hierarchy */ = {
			isa = PBXGroup;
			children = (
				1801D3201C1D90BE007E4AA7 /* ZHHierarchy */,
				1801D3001C1D90A2007E4AA7 /* ZHAppDelegate.h */,
				1801D3011C1D90A2007E4AA7 /* ZHAppDelegate.m */,
				1801D3031C1D90A2007E4AA7 /* Images.xcassets */,
				1801D2F81C1D90A2007E4AA7 /* Supporting Files */,
				1801D3271C1D9396007E4AA7 /* ZHViewController.h */,
				1801D3281C1D9396007E4AA7 /* ZHViewController.m */,
			);
			path = Hierarchy;
			sourceTree = "<group>";
		};
		1801D2F81C1D90A2007E4AA7 /* Supporting Files */ = {
			isa = PBXGroup;
			children = (
				1801D2F91C1D90A2007E4AA7 /* Hierarchy-Info.plist */,
				1801D2FA1C1D90A2007E4AA7 /* InfoPlist.strings */,
				1801D2FD1C1D90A2007E4AA7 /* main.m */,
				1801D2FF1C1D90A2007E4AA7 /* Hierarchy-Prefix.pch */,
			);
			name = "Supporting Files";
			sourceTree = "<group>";
		};
		1801D3101C1D90A3007E4AA7 /* HierarchyTests */ = {
			isa = PBXGroup;
			children = (
				1801D3161C1D90A3007E4AA7 /* HierarchyTests.m */,
				1801D3111C1D90A3007E4AA7 /* Supporting Files */,
			);
			path = HierarchyTests;
			sourceTree = "<group>";
		};
		1801D3111C1D90A3007E4AA7 /* Supporting Files */ = {
			isa = PBXGroup;
			children = (
				1801D3121C1D90A3007E4AA7 /* HierarchyTests-Info.plist */,
				1801D3131C1D90A3007E4AA7 /* InfoPlist.strings */,
			);
			name = "Supporting Files";
			sourceTree = "<group>";
		};
		1801D3201C1D90BE007E4AA7 /* ZHHierarchy */ = {
			isa = PBXGroup;
			children = (
				1801D3211C1D90CE007E4AA7 /* ZHHierarchy.h */,
				1801D3221C1D90CE007E4AA7 /* ZHHierarchy.m */,
				1801D3241C1D92BA007E4AA7 /* ZHHierarchy+ZHViewHierarchy.h */,
				1801D3251C1D92BA007E4AA7 /* ZHHierarchy+ZHViewHierarchy.m */,
			);
			path = ZHHierarchy;
			sourceTree = "<group>";
		};
/* End PBXGroup section */

/* Begin PBXNativeTarget section */
		1801D2ED1C1D90A2007E4AA7 /* Hierarchy */ = {
			isa = PBXNativeTarget;
			buildConfigurationList = 1801D31A1C1D90A3007E4AA7 /* Build configuration list for PBXNativeTarget "Hierarchy" */;
			buildPhases = (
				1801D2EA1C1D90A2007E4AA7 /* Sources */,
				1801D2EB1C1D90A2007E4AA7 /* Frameworks */,
				1801D2EC1C1D90A2007E4AA7 /* Resources */,
			);
			buildRules = (
			);
			dependencies = (
			);
			name = Hierarchy;
			productName = Hierarchy;
			productReference = 1801D2EE1C1D90A2007E4AA7 /* Hierarchy.app */;
			productType = "com.apple.product-type.application";
		};
		1801D3081C1D90A3007E4AA7 /* HierarchyTests */ = {
			isa = PBXNativeTarget;
			buildConfigurationList = 1801D31D1C1D90A3007E4AA7 /* Build configuration list for PBXNativeTarget "HierarchyTests" */;
			buildPhases = (
				1801D3051C1D90A3007E4AA7 /* Sources */,
				1801D3061C1D90A3007E4AA7 /* Frameworks */,
				1801D3071C1D90A3007E4AA7 /* Resources */,
			);
			buildRules = (
			);
			dependencies = (
				1801D30F1C1D90A3007E4AA7 /* PBXTargetDependency */,
			);
			name = HierarchyTests;
			productName = HierarchyTests;
			productReference = 1801D3091C1D90A3007E4AA7 /* HierarchyTests.xctest */;
			productType = "com.apple.product-type.bundle.unit-test";
		};
/* End PBXNativeTarget section */

/* Begin PBXProject section */
		1801D2E61C1D90A2007E4AA7 /* Project object */ = {
			isa = PBXProject;
			attributes = {
				CLASSPREFIX = ZH;
				LastUpgradeCheck = 0510;
				ORGANIZATIONNAME = swjtu;
				TargetAttributes = {
					1801D3081C1D90A3007E4AA7 = {
						TestTargetID = 1801D2ED1C1D90A2007E4AA7;
					};
				};
			};
			buildConfigurationList = 1801D2E91C1D90A2007E4AA7 /* Build configuration list for PBXProject "Hierarchy" */;
			compatibilityVersion = "Xcode 3.2";
			developmentRegion = English;
			hasScannedForEncodings = 0;
			knownRegions = (
				en,
			);
			mainGroup = 1801D2E51C1D90A2007E4AA7;
			productRefGroup = 1801D2EF1C1D90A2007E4AA7 /* Products */;
			projectDirPath = "";
			projectRoot = "";
			targets = (
				1801D2ED1C1D90A2007E4AA7 /* Hierarchy */,
				1801D3081C1D90A3007E4AA7 /* HierarchyTests */,
			);
		};
/* End PBXProject section */

/* Begin PBXResourcesBuildPhase section */
		1801D2EC1C1D90A2007E4AA7 /* Resources */ = {
			isa = PBXResourcesBuildPhase;
			buildActionMask = 2147483647;
			files = (
				1801D2FC1C1D90A2007E4AA7 /* InfoPlist.strings in Resources */,
				1801D3041C1D90A2007E4AA7 /* Images.xcassets in Resources */,
			);
			runOnlyForDeploymentPostprocessing = 0;
		};
		1801D3071C1D90A3007E4AA7 /* Resources */ = {
			isa = PBXResourcesBuildPhase;
			buildActionMask = 2147483647;
			files = (
				1801D3151C1D90A3007E4AA7 /* InfoPlist.strings in Resources */,
			);
			runOnlyForDeploymentPostprocessing = 0;
		};
/* End PBXResourcesBuildPhase section */

/* Begin PBXSourcesBuildPhase section */
		1801D2EA1C1D90A2007E4AA7 /* Sources */ = {
			isa = PBXSourcesBuildPhase;
			buildActionMask = 2147483647;
			files = (
				1801D3261C1D92BA007E4AA7 /* ZHHierarchy+ZHViewHierarchy.m in Sources */,
				1801D3231C1D90CE007E4AA7 /* ZHHierarchy.m in Sources */,
				1801D3021C1D90A2007E4AA7 /* ZHAppDelegate.m in Sources */,
				1801D2FE1C1D90A2007E4AA7 /* main.m in Sources */,
				1801D3291C1D9396007E4AA7 /* ZHViewController.m in Sources */,
			);
			runOnlyForDeploymentPostprocessing = 0;
		};
		1801D3051C1D90A3007E4AA7 /* Sources */ = {
			isa = PBXSourcesBuildPhase;
			buildActionMask = 2147483647;
			files = (
				1801D3171C1D90A3007E4AA7 /* HierarchyTests.m in Sources */,
			);
			runOnlyForDeploymentPostprocessing = 0;
		};
/* End PBXSourcesBuildPhase section */

/* Begin PBXTargetDependency section */
		1801D30F1C1D90A3007E4AA7 /* PBXTargetDependency */ = {
			isa = PBXTargetDependency;
			target = 1801D2ED1C1D90A2007E4AA7 /* Hierarchy */;
			targetProxy = 1801D30E1C1D90A3007E4AA7 /* PBXContainerItemProxy */;
		};
/* End PBXTargetDependency section */

/* Begin PBXVariantGroup section */
		1801D2FA1C1D90A2007E4AA7 /* InfoPlist.strings */ = {
			isa = PBXVariantGroup;
			children = (
				1801D2FB1C1D90A2007E4AA7 /* en */,
			);
			name = InfoPlist.strings;
			sourceTree = "<group>";
		};
		1801D3131C1D90A3007E4AA7 /* InfoPlist.strings */ = {
			isa = PBXVariantGroup;
			children = (
				1801D3141C1D90A3007E4AA7 /* en */,
			);
			name = InfoPlist.strings;
			sourceTree = "<group>";
		};
/* End PBXVariantGroup section */

/* Begin XCBuildConfiguration section */
		1801D3181C1D90A3007E4AA7 /* Debug */ = {
			isa = XCBuildConfiguration;
			buildSettings = {
				ALWAYS_SEARCH_USER_PATHS = NO;
				CLANG_CXX_LANGUAGE_STANDARD = "gnu++0x";
				CLANG_CXX_LIBRARY = "libc++";
				CLANG_ENABLE_MODULES = YES;
				CLANG_ENABLE_OBJC_ARC = YES;
				CLANG_WARN_BOOL_CONVERSION = YES;
				CLANG_WARN_CONSTANT_CONVERSION = YES;
				CLANG_WARN_DIRECT_OBJC_ISA_USAGE = YES_ERROR;
				CLANG_WARN_EMPTY_BODY = YES;
				CLANG_WARN_ENUM_CONVERSION = YES;
				CLANG_WARN_INT_CONVERSION = YES;
				CLANG_WARN_OBJC_ROOT_CLASS = YES_ERROR;
				CLANG_WARN__DUPLICATE_METHOD_MATCH = YES;
				"CODE_SIGN_IDENTITY[sdk=iphoneos*]" = "iPhone Developer";
				COPY_PHASE_STRIP = NO;
				GCC_C_LANGUAGE_STANDARD = gnu99;
				GCC_DYNAMIC_NO_PIC = NO;
				GCC_OPTIMIZATION_LEVEL = 0;
				GCC_PREPROCESSOR_DEFINITIONS = (
					"DEBUG=1",
					"$(inherited)",
				);
				GCC_SYMBOLS_PRIVATE_EXTERN = NO;
				GCC_WARN_64_TO_32_BIT_CONVERSION = YES;
				GCC_WARN_ABOUT_RETURN_TYPE = YES_ERROR;
				GCC_WARN_UNDECLARED_SELECTOR = YES;
				GCC_WARN_UNINITIALIZED_AUTOS = YES_AGGRESSIVE;
				GCC_WARN_UNUSED_FUNCTION = YES;
				GCC_WARN_UNUSED_VARIABLE = YES;
				IPHONEOS_DEPLOYMENT_TARGET = 7.1;
				ONLY_ACTIVE_ARCH = YES;
				SDKROOT = iphoneos;
			};
			name = Debug;
		};
		1801D3191C1D90A3007E4AA7 /* Release */ = {
			isa = XCBuildConfiguration;
			buildSettings = {
				ALWAYS_SEARCH_USER_PATHS = NO;
				CLANG_CXX_LANGUAGE_STANDARD = "gnu++0x";
				CLANG_CXX_LIBRARY = "libc++";
				CLANG_ENABLE_MODULES = YES;
				CLANG_ENABLE_OBJC_ARC = YES;
				CLANG_WARN_BOOL_CONVERSION = YES;
				CLANG_WARN_CONSTANT_CONVERSION = YES;
				CLANG_WARN_DIRECT_OBJC_ISA_USAGE = YES_ERROR;
				CLANG_WARN_EMPTY_BODY = YES;
				CLANG_WARN_ENUM_CONVERSION = YES;
				CLANG_WARN_INT_CONVERSION = YES;
				CLANG_WARN_OBJC_ROOT_CLASS = YES_ERROR;
				CLANG_WARN__DUPLICATE_METHOD_MATCH = YES;
				"CODE_SIGN_IDENTITY[sdk=iphoneos*]" = "iPhone Developer";
				COPY_PHASE_STRIP = YES;
				ENABLE_NS_ASSERTIONS = NO;
				GCC_C_LANGUAGE_STANDARD = gnu99;
				GCC_WARN_64_TO_32_BIT_CONVERSION = YES;
				GCC_WARN_ABOUT_RETURN_TYPE = YES_ERROR;
				GCC_WARN_UNDECLARED_SELECTOR = YES;
				GCC_WARN_UNINITIALIZED_AUTOS = YES_AGGRESSIVE;
				GCC_WARN_UNUSED_FUNCTION = YES;
				GCC_WARN_UNUSED_VARIABLE = YES;
				IPHONEOS_DEPLOYMENT_TARGET = 7.1;
				SDKROOT = iphoneos;
				VALIDATE_PRODUCT = YES;
			};
			name = Release;
		};
		1801D31B1C1D90A3007E4AA7 /* Debug */ = {
			isa = XCBuildConfiguration;
			buildSettings = {
				ASSETCATALOG_COMPILER_APPICON_NAME = AppIcon;
				ASSETCATALOG_COMPILER_LAUNCHIMAGE_NAME = LaunchImage;
				GCC_PRECOMPILE_PREFIX_HEADER = YES;
				GCC_PREFIX_HEADER = "Hierarchy/Hierarchy-Prefix.pch";
				INFOPLIST_FILE = "Hierarchy/Hierarchy-Info.plist";
				PRODUCT_NAME = "$(TARGET_NAME)";
				WRAPPER_EXTENSION = app;
			};
			name = Debug;
		};
		1801D31C1C1D90A3007E4AA7 /* Release */ = {
			isa = XCBuildConfiguration;
			buildSettings = {
				ASSETCATALOG_COMPILER_APPICON_NAME = AppIcon;
				ASSETCATALOG_COMPILER_LAUNCHIMAGE_NAME = LaunchImage;
				GCC_PRECOMPILE_PREFIX_HEADER = YES;
				GCC_PREFIX_HEADER = "Hierarchy/Hierarchy-Prefix.pch";
				INFOPLIST_FILE = "Hierarchy/Hierarchy-Info.plist";
				PRODUCT_NAME = "$(TARGET_NAME)";
				WRAPPER_EXTENSION = app;
			};
			name = Release;
		};
		1801D31E1C1D90A3007E4AA7 /* Debug */ = {
			isa = XCBuildConfiguration;
			buildSettings = {
				BUNDLE_LOADER = "$(BUILT_PRODUCTS_DIR)/Hierarchy.app/Hierarchy";
				FRAMEWORK_SEARCH_PATHS = (
					"$(SDKROOT)/Developer/Library/Frameworks",
					"$(inherited)",
					"$(DEVELOPER_FRAMEWORKS_DIR)",
				);
				GCC_PRECOMPILE_PREFIX_HEADER = YES;
				GCC_PREFIX_HEADER = "Hierarchy/Hierarchy-Prefix.pch";
				GCC_PREPROCESSOR_DEFINITIONS = (
					"DEBUG=1",
					"$(inherited)",
				);
				INFOPLIST_FILE = "HierarchyTests/HierarchyTests-Info.plist";
				PRODUCT_NAME = "$(TARGET_NAME)";
				TEST_HOST = "$(BUNDLE_LOADER)";
				WRAPPER_EXTENSION = xctest;
			};
			name = Debug;
		};
		1801D31F1C1D90A3007E4AA7 /* Release */ = {
			isa = XCBuildConfiguration;
			buildSettings = {
				BUNDLE_LOADER = "$(BUILT_PRODUCTS_DIR)/Hierarchy.app/Hierarchy";
				FRAMEWORK_SEARCH_PATHS = (
					"$(SDKROOT)/Developer/Library/Frameworks",
					"$(inherited)",
					"$(DEVELOPER_FRAMEWORKS_DIR)",
				);
				GCC_PRECOMPILE_PREFIX_HEADER = YES;
				GCC_PREFIX_HEADER = "Hierarchy/Hierarchy-Prefix.pch";
				INFOPLIST_FILE = "HierarchyTests/HierarchyTests-Info.plist";
				PRODUCT_NAME = "$(TARGET_NAME)";
				TEST_HOST = "$(BUNDLE_LOADER)";
				WRAPPER_EXTENSION = xctest;
			};
			name = Release;
		};
/* End XCBuildConfiguration section */

/* Begin XCConfigurationList section */
		1801D2E91C1D90A2007E4AA7 /* Build configuration list for PBXProject "Hierarchy" */ = {
			isa = XCConfigurationList;
			buildConfigurations = (
				1801D3181C1D90A3007E4AA7 /* Debug */,
				1801D3191C1D90A3007E4AA7 /* Release */,
			);
			defaultConfigurationIsVisible = 0;
			defaultConfigurationName = Release;
		};
		1801D31A1C1D90A3007E4AA7 /* Build configuration list for PBXNativeTarget "Hierarchy" */ = {
			isa = XCConfigurationList;
			buildConfigurations = (
				1801D31B1C1D90A3007E4AA7 /* Debug */,
				1801D31C1C1D90A3007E4AA7 /* Release */,
			);
			defaultConfigurationIsVisible = 0;
		};
		1801D31D1C1D90A3007E4AA7 /* Build configuration list for PBXNativeTarget "HierarchyTests" */ = {
			isa = XCConfigurationList;
			buildConfigurations = (
				1801D31E1C1D90A3007E4AA7 /* Debug */,
				1801D31F1C1D90A3007E4AA7 /* Release */,
			);
			defaultConfigurationIsVisible = 0;
		};
/* End XCConfigurationList section */
	};
	rootObject = 1801D2E61C1D90A2007E4AA7 /* Project object */;
}
